# @generated - this file is auto-generated by `mise lock` https://mise.en.dev/dev-tools/mise-lock.html

[[tools.jujutsu]]
version = "0.41.0"
backend = "aqua:jj-vcs/jj"

[tools.jujutsu."platforms.linux-arm64"]
checksum = "sha256:cd75d0f920b2674147a48eac84ee4594f476fc8f98cd7e358b25750a51622d91"
url = "https://github.com/jj-vcs/jj/releases/download/v0.41.0/jj-v0.41.0-aarch64-unknown-linux-musl.tar.gz"
url_api = "https://api.github.com/repos/jj-vcs/jj/releases/assets/414396991"

[tools.jujutsu."platforms.linux-arm64-musl"]
checksum = "sha256:cd75d0f920b2674147a48eac84ee4594f476fc8f98cd7e358b25750a51622d91"
url = "https://github.com/jj-vcs/jj/releases/download/v0.41.0/jj-v0.41.0-aarch64-unknown-linux-musl.tar.gz"
url_api = "https://api.github.com/repos/jj-vcs/jj/releases/assets/414396991"

[tools.jujutsu."platforms.linux-x64"]
checksum = "sha256:42181a80d316ac157874c817c9945e104275114fb461d99e06e2312502f08f99"
url = "https://github.com/jj-vcs/jj/releases/download/v0.41.0/jj-v0.41.0-x86_64-unknown-linux-musl.tar.gz"
url_api = "https://api.github.com/repos/jj-vcs/jj/releases/assets/414397257"

[tools.jujutsu."platforms.linux-x64-musl"]
checksum = "sha256:42181a80d316ac157874c817c9945e104275114fb461d99e06e2312502f08f99"
url = "https://github.com/jj-vcs/jj/releases/download/v0.41.0/jj-v0.41.0-x86_64-unknown-linux-musl.tar.gz"
url_api = "https://api.github.com/repos/jj-vcs/jj/releases/assets/414397257"

[tools.jujutsu."platforms.macos-arm64"]
checksum = "sha256:e84883b4fb42d1e0cb665efae95b44f387603c1280c893f8cbc7bbac7149ea30"
url = "https://github.com/jj-vcs/jj/releases/download/v0.41.0/jj-v0.41.0-aarch64-apple-darwin.tar.gz"
url_api = "https://api.github.com/repos/jj-vcs/jj/releases/assets/414396725"

[tools.jujutsu."platforms.macos-x64"]
checksum = "sha256:b40d238bf9de4379be9bfd629cff92cd3ec14e2d072a8f7f7bbb929dac9d22f6"
url = "https://github.com/jj-vcs/jj/releases/download/v0.41.0/jj-v0.41.0-x86_64-apple-darwin.tar.gz"
url_api = "https://api.github.com/repos/jj-vcs/jj/releases/assets/414398035"

[tools.jujutsu."platforms.windows-x64"]
checksum = "sha256:1c5ac3015caf0b15ae81cbafa1d94024dbd17b5dff933204d489787dfb95f835"
url = "https://github.com/jj-vcs/jj/releases/download/v0.41.0/jj-v0.41.0-x86_64-pc-windows-msvc.zip"
url_api = "https://api.github.com/repos/jj-vcs/jj/releases/assets/414400280"

[[tools.typst]]
version = "0.15.0"
backend = "aqua:typst/typst"

[tools.typst."platforms.linux-arm64"]
checksum = "sha256:cdf50ffc7b8ba759ed02200632eda3d78eb8b99aacb6611f4f75684990647620"
url = "https://github.com/typst/typst/releases/download/v0.15.0/typst-aarch64-unknown-linux-musl.tar.xz"
url_api = "https://api.github.com/repos/typst/typst/releases/assets/448380804"

[tools.typst."platforms.linux-arm64-musl"]
checksum = "sha256:cdf50ffc7b8ba759ed02200632eda3d78eb8b99aacb6611f4f75684990647620"
url = "https://github.com/typst/typst/releases/download/v0.15.0/typst-aarch64-unknown-linux-musl.tar.xz"
url_api = "https://api.github.com/repos/typst/typst/releases/assets/448380804"

[tools.typst."platforms.linux-x64"]
checksum = "sha256:59b207df01be2dab9f13e80f73d04d7ff8273ffd46b3dd1b9eef5c60f3eeabea"
url = "https://github.com/typst/typst/releases/download/v0.15.0/typst-x86_64-unknown-linux-musl.tar.xz"
url_api = "https://api.github.com/repos/typst/typst/releases/assets/448379958"

[tools.typst."platforms.linux-x64-musl"]
checksum = "sha256:59b207df01be2dab9f13e80f73d04d7ff8273ffd46b3dd1b9eef5c60f3eeabea"
url = "https://github.com/typst/typst/releases/download/v0.15.0/typst-x86_64-unknown-linux-musl.tar.xz"
url_api = "https://api.github.com/repos/typst/typst/releases/assets/448379958"

[tools.typst."platforms.macos-arm64"]
checksum = "sha256:fe53838737abf93a774495952a1a797b4686e9c4a21c2d99b9fdf77f46cc3572"
url = "https://github.com/typst/typst/releases/download/v0.15.0/typst-aarch64-apple-darwin.tar.xz"
url_api = "https://api.github.com/repos/typst/typst/releases/assets/448379808"

[tools.typst."platforms.macos-x64"]
checksum = "sha256:30210c7c539c7954db94c063cd98b43fd0a0cad285d656dbbce2a40aee2e79be"
url = "https://github.com/typst/typst/releases/download/v0.15.0/typst-x86_64-apple-darwin.tar.xz"
url_api = "https://api.github.com/repos/typst/typst/releases/assets/448379654"

[tools.typst."platforms.windows-x64"]
checksum = "sha256:66ae7f0907b4b9afed5c7d6cb9b21e07f0f3c3d4e293ba3e0026a54d88202fe9"
url = "https://github.com/typst/typst/releases/download/v0.15.0/typst-x86_64-pc-windows-msvc.zip"
url_api = "https://api.github.com/repos/typst/typst/releases/assets/448381935"

[[tools.typstyle]]
version = "0.15.1"
backend = "aqua:Enter-tainer/typstyle"

[tools.typstyle."platforms.linux-arm64"]
checksum = "sha256:2e7bff51079d2f1faaf8629972e79c3d51a3deeaf9b16386ea83334b94773ad1"
url = "https://github.com/typstyle-rs/typstyle/releases/download/v0.15.1/typstyle-aarch64-unknown-linux-gnu"
url_api = "https://api.github.com/repos/typstyle-rs/typstyle/releases/assets/498612976"

[tools.typstyle."platforms.linux-x64"]
checksum = "sha256:7aaa0b0fe54ee859c2e138c3f8d307960b06fe072ab9eb14bcf6ab50b5fe9c86"
url = "https://github.com/typstyle-rs/typstyle/releases/download/v0.15.1/typstyle-x86_64-unknown-linux-musl"
url_api = "https://api.github.com/repos/typstyle-rs/typstyle/releases/assets/498612893"

[tools.typstyle."platforms.linux-x64-musl"]
checksum = "sha256:7aaa0b0fe54ee859c2e138c3f8d307960b06fe072ab9eb14bcf6ab50b5fe9c86"
url = "https://github.com/typstyle-rs/typstyle/releases/download/v0.15.1/typstyle-x86_64-unknown-linux-musl"
url_api = "https://api.github.com/repos/typstyle-rs/typstyle/releases/assets/498612893"

[tools.typstyle."platforms.macos-arm64"]
checksum = "sha256:f97b74f3a3dfb43ece4e627753d2dae703af2b77f114fb0f1e766f7f1bad5fa1"
url = "https://github.com/typstyle-rs/typstyle/releases/download/v0.15.1/typstyle-aarch64-apple-darwin"
url_api = "https://api.github.com/repos/typstyle-rs/typstyle/releases/assets/498613003"

[tools.typstyle."platforms.macos-x64"]
checksum = "sha256:d24debaf653664c64622871df68239d92841261c5c894034120f4a6a74c943ab"
url = "https://github.com/typstyle-rs/typstyle/releases/download/v0.15.1/typstyle-x86_64-apple-darwin"
url_api = "https://api.github.com/repos/typstyle-rs/typstyle/releases/assets/498612945"

[tools.typstyle."platforms.windows-x64"]
checksum = "sha256:5bed3082e1668561c95e976888d694699650dd194ac23e0d08d4106c7496a48f"
url = "https://github.com/typstyle-rs/typstyle/releases/download/v0.15.1/typstyle-x86_64-pc-windows-msvc.exe"
url_api = "https://api.github.com/repos/typstyle-rs/typstyle/releases/assets/498612929"

[[tools.uv]]
version = "0.11.7"
backend = "aqua:astral-sh/uv"

[tools.uv."platforms.linux-arm64"]
checksum = "sha256:46647dc16cbb7d6700f762fdd7a67d220abe18570914732bc310adc91308d272"
url = "https://github.com/astral-sh/uv/releases/download/0.11.7/uv-aarch64-unknown-linux-musl.tar.gz"
url_api = "https://api.github.com/repos/astral-sh/uv/releases/assets/397306022"
provenance = "github-attestations"

[tools.uv."platforms.linux-arm64-musl"]
checksum = "sha256:46647dc16cbb7d6700f762fdd7a67d220abe18570914732bc310adc91308d272"
url = "https://github.com/astral-sh/uv/releases/download/0.11.7/uv-aarch64-unknown-linux-musl.tar.gz"
url_api = "https://api.github.com/repos/astral-sh/uv/releases/assets/397306022"
provenance = "github-attestations"

[tools.uv."platforms.linux-x64"]
checksum = "sha256:64ddb5f1087649e3f75aa50d139aa4f36ddde728a5295a141e0fa9697bfb7b0f"
url = "https://github.com/astral-sh/uv/releases/download/0.11.7/uv-x86_64-unknown-linux-musl.tar.gz"
url_api = "https://api.github.com/repos/astral-sh/uv/releases/assets/397306071"
provenance = "github-attestations"

[tools.uv."platforms.linux-x64-musl"]
checksum = "sha256:64ddb5f1087649e3f75aa50d139aa4f36ddde728a5295a141e0fa9697bfb7b0f"
url = "https://github.com/astral-sh/uv/releases/download/0.11.7/uv-x86_64-unknown-linux-musl.tar.gz"
url_api = "https://api.github.com/repos/astral-sh/uv/releases/assets/397306071"
provenance = "github-attestations"

[tools.uv."platforms.macos-arm64"]
checksum = "sha256:66e37d91f839e12481d7b932a1eccbfe732560f42c1cfb89faddfa2454534ba8"
url = "https://github.com/astral-sh/uv/releases/download/0.11.7/uv-aarch64-apple-darwin.tar.gz"
url_api = "https://api.github.com/repos/astral-sh/uv/releases/assets/397306011"
provenance = "github-attestations"

[tools.uv."platforms.macos-x64"]
checksum = "sha256:0a4bc8fcde4974ea3560be21772aeecab600a6f43fa6e58169f9fa7b3b71d302"
url = "https://github.com/astral-sh/uv/releases/download/0.11.7/uv-x86_64-apple-darwin.tar.gz"
url_api = "https://api.github.com/repos/astral-sh/uv/releases/assets/397306059"
provenance = "github-attestations"

[tools.uv."platforms.windows-x64"]
checksum = "sha256:fe0c7815acf4fc45f8a5eff58ed3cf7ae2e15c3cf1dceadbd10c816ec1690cc1"
url = "https://github.com/astral-sh/uv/releases/download/0.11.7/uv-x86_64-pc-windows-msvc.zip"
url_api = "https://api.github.com/repos/astral-sh/uv/releases/assets/397306062"
provenance = "github-attestations"
