# @generated - this file is auto-generated by `mise lock` https://mise.jdx.dev/dev-tools/mise-lock.html

[[tools.typst]]
version = "0.15.0"
backend = "aqua:typst/typst"

[tools.typst."platforms.linux-arm64"]
checksum = "sha256:cdf50ffc7b8ba759ed02200632eda3d78eb8b99aacb6611f4f75684990647620"
url = "https://github.com/typst/typst/releases/download/v0.15.0/typst-aarch64-unknown-linux-musl.tar.xz"
url_api = "https://api.github.com/repos/typst/typst/releases/assets/448380804"

[tools.typst."platforms.linux-arm64-musl"]
checksum = "sha256:cdf50ffc7b8ba759ed02200632eda3d78eb8b99aacb6611f4f75684990647620"
url = "https://github.com/typst/typst/releases/download/v0.15.0/typst-aarch64-unknown-linux-musl.tar.xz"
url_api = "https://api.github.com/repos/typst/typst/releases/assets/448380804"

[tools.typst."platforms.linux-x64"]
checksum = "sha256:59b207df01be2dab9f13e80f73d04d7ff8273ffd46b3dd1b9eef5c60f3eeabea"
url = "https://github.com/typst/typst/releases/download/v0.15.0/typst-x86_64-unknown-linux-musl.tar.xz"
url_api = "https://api.github.com/repos/typst/typst/releases/assets/448379958"

[tools.typst."platforms.linux-x64-musl"]
checksum = "sha256:59b207df01be2dab9f13e80f73d04d7ff8273ffd46b3dd1b9eef5c60f3eeabea"
url = "https://github.com/typst/typst/releases/download/v0.15.0/typst-x86_64-unknown-linux-musl.tar.xz"
url_api = "https://api.github.com/repos/typst/typst/releases/assets/448379958"

[tools.typst."platforms.macos-arm64"]
checksum = "sha256:fe53838737abf93a774495952a1a797b4686e9c4a21c2d99b9fdf77f46cc3572"
url = "https://github.com/typst/typst/releases/download/v0.15.0/typst-aarch64-apple-darwin.tar.xz"
url_api = "https://api.github.com/repos/typst/typst/releases/assets/448379808"

[tools.typst."platforms.macos-x64"]
checksum = "sha256:30210c7c539c7954db94c063cd98b43fd0a0cad285d656dbbce2a40aee2e79be"
url = "https://github.com/typst/typst/releases/download/v0.15.0/typst-x86_64-apple-darwin.tar.xz"
url_api = "https://api.github.com/repos/typst/typst/releases/assets/448379654"

[tools.typst."platforms.windows-x64"]
checksum = "sha256:66ae7f0907b4b9afed5c7d6cb9b21e07f0f3c3d4e293ba3e0026a54d88202fe9"
url = "https://github.com/typst/typst/releases/download/v0.15.0/typst-x86_64-pc-windows-msvc.zip"
url_api = "https://api.github.com/repos/typst/typst/releases/assets/448381935"
