# @generated - this file is auto-generated by `mise lock` https://mise.jdx.dev/dev-tools/mise-lock.html

[[tools.node]]
version = "26.5.0"
backend = "core:node"

[tools.node."platforms.linux-arm64"]
checksum = "sha256:308e5fe89a82461ba5a6cf15ff5221b2cdbd7ae87600aa72bb3c3fbdc66412d1"
url = "https://nodejs.org/dist/v26.5.0/node-v26.5.0-linux-arm64.tar.gz"

[tools.node."platforms.linux-arm64-musl"]
checksum = "sha256:1ab31aef6561191693f366cacd75bbcefa0301e49a18bc05554c21893bbdb490"
url = "https://unofficial-builds.nodejs.org/download/release/v26.5.0/node-v26.5.0-linux-arm64-musl.tar.gz"

[tools.node."platforms.linux-x64"]
checksum = "sha256:22b5f47ad6ae78837e4c2b846019965ce1a06ba143de176102294a1bf44fc677"
url = "https://nodejs.org/dist/v26.5.0/node-v26.5.0-linux-x64.tar.gz"

[tools.node."platforms.linux-x64-musl"]
checksum = "sha256:00f1398411a4216c5a6ecaad3b825a0da5ec00e79ee8c173ab65a094d97b9ad8"
url = "https://unofficial-builds.nodejs.org/download/release/v26.5.0/node-v26.5.0-linux-x64-musl.tar.gz"

[tools.node."platforms.macos-arm64"]
checksum = "sha256:ee920559aaa2391569cff4d737e3b83963430e3a14dedd91bfe0ff53171b5af9"
url = "https://nodejs.org/dist/v26.5.0/node-v26.5.0-darwin-arm64.tar.gz"

[tools.node."platforms.macos-x64"]
checksum = "sha256:98293394c945a24e64e00b4177bf075ec963ea70b34d1d2e24bd4a71716d334f"
url = "https://nodejs.org/dist/v26.5.0/node-v26.5.0-darwin-x64.tar.gz"

[tools.node."platforms.windows-x64"]
checksum = "sha256:d3b2277dbcccfdf24ef6302928f64f484cff1d77a6d3caa3a28f4d20ce9158f6"
url = "https://nodejs.org/dist/v26.5.0/node-v26.5.0-win-x64.zip"

[[tools.python]]
version = "3.8.20"
backend = "core:python"

[tools.python."platforms.linux-arm64"]
checksum = "sha256:75a187ebfab81096e3f3d91d70c1349e64defbdfb0e8a067cb5233d017655e31"
url = "https://github.com/astral-sh/python-build-standalone/releases/download/20241002/cpython-3.8.20+20241002-aarch64-unknown-linux-gnu-install_only_stripped.tar.gz"
provenance = "github-attestations"

[tools.python."platforms.linux-x64"]
checksum = "sha256:a3a75094545912d4e9413673441b3f0d2e58ce9b264477f910800148801ccf11"
url = "https://github.com/astral-sh/python-build-standalone/releases/download/20241002/cpython-3.8.20+20241002-x86_64-unknown-linux-gnu-install_only_stripped.tar.gz"
provenance = "github-attestations"

[tools.python."platforms.linux-x64-musl"]
checksum = "sha256:fcddfd3f1090833e1f3106be021809630008b53026bc96dcaab2986625db27fa"
url = "https://github.com/astral-sh/python-build-standalone/releases/download/20241002/cpython-3.8.20+20241002-x86_64-unknown-linux-musl-install_only_stripped.tar.gz"
provenance = "github-attestations"

[tools.python."platforms.macos-arm64"]
checksum = "sha256:30ba44af64e599bde7307908393374bdcd99e185bf9b3c9de3f697f3fbe6bf8f"
url = "https://github.com/astral-sh/python-build-standalone/releases/download/20241002/cpython-3.8.20+20241002-aarch64-apple-darwin-install_only_stripped.tar.gz"
provenance = "github-attestations"

[tools.python."platforms.macos-x64"]
checksum = "sha256:375b6eead6c852cabbf3ccfd43dc4f6dd4c36381bf74c9a7910acb839fd5c57f"
url = "https://github.com/astral-sh/python-build-standalone/releases/download/20241002/cpython-3.8.20+20241002-x86_64-apple-darwin-install_only_stripped.tar.gz"
provenance = "github-attestations"

[tools.python."platforms.windows-x64"]
checksum = "sha256:ec2f723dcfbf09581578a716c05cc67823a43d77111e6dd9e0d1557ccc6dcbf3"
url = "https://github.com/astral-sh/python-build-standalone/releases/download/20241002/cpython-3.8.20+20241002-x86_64-pc-windows-msvc-install_only_stripped.tar.gz"
provenance = "github-attestations"

[[tools.rust]]
version = "nightly"
backend = "core:rust"
