# @generated - this file is auto-generated by `mise lock` https://mise.jdx.dev/dev-tools/mise-lock.html

[[tools."cargo:https://github.com/Myriad-Dreamin/typst.ts"]]
version = "tag:v0.8.0-rc3"
backend = "cargo:https://github.com/Myriad-Dreamin/typst.ts"

[tools."cargo:https://github.com/Myriad-Dreamin/typst.ts".options]
crate = "typst-ts-cli"
